// !$*UTF8*$!
{
	archiveVersion = 1;
	classes = {
	};
	objectVersion = 50;
	objects = {

/* Begin PBXBuildFile section */
		FD6D43EA24C751B70046402E /* AppDelegate.swift in Sources */ = {isa = PBXBuildFile; fileRef = FD6D43E924C751B70046402E /* AppDelegate.swift */; };
		FD6D43EC24C751B70046402E /* SceneDelegate.swift in Sources */ = {isa = PBXBuildFile; fileRef = FD6D43EB24C751B70046402E /* SceneDelegate.swift */; };
		FD6D43EE24C751B70046402E /* ViewController.swift in Sources */ = {isa = PBXBuildFile; fileRef = FD6D43ED24C751B70046402E /* ViewController.swift */; };
		FD6D43F124C751B70046402E /* Main.storyboard in Resources */ = {isa = PBXBuildFile; fileRef = FD6D43EF24C751B70046402E /* Main.storyboard */; };
		FD6D43F324C751B80046402E /* Assets.xcassets in Resources */ = {isa = PBXBuildFile; fileRef = FD6D43F224C751B80046402E /* Assets.xcassets */; };
		FD6D43F624C751B80046402E /* LaunchScreen.storyboard in Resources */ = {isa = PBXBuildFile; fileRef = FD6D43F424C751B80046402E /* LaunchScreen.storyboard */; };
		FD6D440124C751B80046402E /* ghactions_pocTests.swift in Sources */ = {isa = PBXBuildFile; fileRef = FD6D440024C751B80046402E /* ghactions_pocTests.swift */; };
/* End PBXBuildFile section */

/* Begin PBXContainerItemProxy section */
		FD6D43FD24C751B80046402E /* PBXContainerItemProxy */ = {
			isa = PBXContainerItemProxy;
			containerPortal = FD6D43DE24C751B70046402E /* Project object */;
			proxyType = 1;
			remoteGlobalIDString = FD6D43E524C751B70046402E;
			remoteInfo = "ghactions-poc";
		};
/* End PBXContainerItemProxy section */

/* Begin PBXFileReference section */
		FD6D43E624C751B70046402E /* ghactions-poc.app */ = {isa = PBXFileReference; explicitFileType = wrapper.application; includeInIndex = 0; path = "ghactions-poc.app"; sourceTree = BUILT_PRODUCTS_DIR; };
		FD6D43E924C751B70046402E /* AppDelegate.swift */ = {isa = PBXFileReference; lastKnownFileType = sourcecode.swift; path = AppDelegate.swift; sourceTree = "<group>"; };
		FD6D43EB24C751B70046402E /* SceneDelegate.swift */ = {isa = PBXFileReference; lastKnownFileType = sourcecode.swift; path = SceneDelegate.swift; sourceTree = "<group>"; };
		FD6D43ED24C751B70046402E /* ViewController.swift */ = {isa = PBXFileReference; lastKnownFileType = sourcecode.swift; path = ViewController.swift; sourceTree = "<group>"; };
		FD6D43F024C751B70046402E /* Base */ = {isa = PBXFileReference; lastKnownFileType = file.storyboard; name = Base; path = Base.lproj/Main.storyboard; sourceTree = "<group>"; };
		FD6D43F224C751B80046402E /* Assets.xcassets */ = {isa = PBXFileReference; lastKnownFileType = folder.assetcatalog; path = Assets.xcassets; sourceTree = "<group>"; };
		FD6D43F524C751B80046402E /* Base */ = {isa = PBXFileReference; lastKnownFileType = file.storyboard; name = Base; path = Base.lproj/LaunchScreen.storyboard; sourceTree = "<group>"; };
		FD6D43F724C751B80046402E /* Info.plist */ = {isa = PBXFileReference; lastKnownFileType = text.plist.xml; path = Info.plist; sourceTree = "<group>"; };
		FD6D43FC24C751B80046402E /* ghactions-pocTests.xctest */ = {isa = PBXFileReference; explicitFileType = wrapper.cfbundle; includeInIndex = 0; path = "ghactions-pocTests.xctest"; sourceTree = BUILT_PRODUCTS_DIR; };
		FD6D440024C751B80046402E /* ghactions_pocTests.swift */ = {isa = PBXFileReference; lastKnownFileType = sourcecode.swift; path = ghactions_pocTests.swift; sourceTree = "<group>"; };
		FD6D440224C751B80046402E /* Info.plist */ = {isa = PBXFileReference; lastKnownFileType = text.plist.xml; path = Info.plist; sourceTree = "<group>"; };
/* End PBXFileReference section */

/* Begin PBXFrameworksBuildPhase section */
		FD6D43E324C751B70046402E /* Frameworks */ = {
			isa = PBXFrameworksBuildPhase;
			buildActionMask = 2147483647;
			files = (
			);
			runOnlyForDeploymentPostprocessing = 0;
		};
		FD6D43F924C751B80046402E /* Frameworks */ = {
			isa = PBXFrameworksBuildPhase;
			buildActionMask = 2147483647;
			files = (
			);
			runOnlyForDeploymentPostprocessing = 0;
		};
/* End PBXFrameworksBuildPhase section */

/* Begin PBXGroup section */
		FD6D43DD24C751B70046402E = {
			isa = PBXGroup;
			children = (
				FD6D43E824C751B70046402E /* ghactions-poc */,
				FD6D43FF24C751B80046402E /* ghactions-pocTests */,
				FD6D43E724C751B70046402E /* Products */,
			);
			sourceTree = "<group>";
		};
		FD6D43E724C751B70046402E /* Products */ = {
			isa = PBXGroup;
			children = (
				FD6D43E624C751B70046402E /* ghactions-poc.app */,
				FD6D43FC24C751B80046402E /* ghactions-pocTests.xctest */,
			);
			name = Products;
			sourceTree = "<group>";
		};
		FD6D43E824C751B70046402E /* ghactions-poc */ = {
			isa = PBXGroup;
			children = (
				FD6D43E924C751B70046402E /* AppDelegate.swift */,
				FD6D43EB24C751B70046402E /* SceneDelegate.swift */,
				FD6D43ED24C751B70046402E /* ViewController.swift */,
				FD6D43EF24C751B70046402E /* Main.storyboard */,
				FD6D43F224C751B80046402E /* Assets.xcassets */,
				FD6D43F424C751B80046402E /* LaunchScreen.storyboard */,
				FD6D43F724C751B80046402E /* Info.plist */,
			);
			path = "ghactions-poc";
			sourceTree = "<group>";
		};
		FD6D43FF24C751B80046402E /* ghactions-pocTests */ = {
			isa = PBXGroup;
			children = (
				FD6D440024C751B80046402E /* ghactions_pocTests.swift */,
				FD6D440224C751B80046402E /* Info.plist */,
			);
			path = "ghactions-pocTests";
			sourceTree = "<group>";
		};
/* End PBXGroup section */

/* Begin PBXNativeTarget section */
		FD6D43E524C751B70046402E /* ghactions-poc */ = {
			isa = PBXNativeTarget;
			buildConfigurationList = FD6D440524C751B80046402E /* Build configuration list for PBXNativeTarget "ghactions-poc" */;
			buildPhases = (
				FD6D43E224C751B70046402E /* Sources */,
				FD6D43E324C751B70046402E /* Frameworks */,
				FD6D43E424C751B70046402E /* Resources */,
			);
			buildRules = (
			);
			dependencies = (
			);
			name = "ghactions-poc";
			productName = "ghactions-poc";
			productReference = FD6D43E624C751B70046402E /* ghactions-poc.app */;
			productType = "com.apple.product-type.application";
		};
		FD6D43FB24C751B80046402E /* ghactions-pocTests */ = {
			isa = PBXNativeTarget;
			buildConfigurationList = FD6D440824C751B80046402E /* Build configuration list for PBXNativeTarget "ghactions-pocTests" */;
			buildPhases = (
				FD6D43F824C751B80046402E /* Sources */,
				FD6D43F924C751B80046402E /* Frameworks */,
				FD6D43FA24C751B80046402E /* Resources */,
			);
			buildRules = (
			);
			dependencies = (
				FD6D43FE24C751B80046402E /* PBXTargetDependency */,
			);
			name = "ghactions-pocTests";
			productName = "ghactions-pocTests";
			productReference = FD6D43FC24C751B80046402E /* ghactions-pocTests.xctest */;
			productType = "com.apple.product-type.bundle.unit-test";
		};
/* End PBXNativeTarget section */

/* Begin PBXProject section */
		FD6D43DE24C751B70046402E /* Project object */ = {
			isa = PBXProject;
			attributes = {
				LastSwiftUpdateCheck = 1150;
				LastUpgradeCheck = 1150;
				ORGANIZATIONNAME = "Aamir Khan";
				TargetAttributes = {
					FD6D43E524C751B70046402E = {
						CreatedOnToolsVersion = 11.5;
					};
					FD6D43FB24C751B80046402E = {
						CreatedOnToolsVersion = 11.5;
						TestTargetID = FD6D43E524C751B70046402E;
					};
				};
			};
			buildConfigurationList = FD6D43E124C751B70046402E /* Build configuration list for PBXProject "ghactions-poc" */;
			compatibilityVersion = "Xcode 9.3";
			developmentRegion = en;
			hasScannedForEncodings = 0;
			knownRegions = (
				en,
				Base,
			);
			mainGroup = FD6D43DD24C751B70046402E;
			productRefGroup = FD6D43E724C751B70046402E /* Products */;
			projectDirPath = "";
			projectRoot = "";
			targets = (
				FD6D43E524C751B70046402E /* ghactions-poc */,
				FD6D43FB24C751B80046402E /* ghactions-pocTests */,
			);
		};
/* End PBXProject section */

/* Begin PBXResourcesBuildPhase section */
		FD6D43E424C751B70046402E /* Resources */ = {
			isa = PBXResourcesBuildPhase;
			buildActionMask = 2147483647;
			files = (
				FD6D43F624C751B80046402E /* LaunchScreen.storyboard in Resources */,
				FD6D43F324C751B80046402E /* Assets.xcassets in Resources */,
				FD6D43F124C751B70046402E /* Main.storyboard in Resources */,
			);
			runOnlyForDeploymentPostprocessing = 0;
		};
		FD6D43FA24C751B80046402E /* Resources */ = {
			isa = PBXResourcesBuildPhase;
			buildActionMask = 2147483647;
			files = (
			);
			runOnlyForDeploymentPostprocessing = 0;
		};
/* End PBXResourcesBuildPhase section */

/* Begin PBXSourcesBuildPhase section */
		FD6D43E224C751B70046402E /* Sources */ = {
			isa = PBXSourcesBuildPhase;
			buildActionMask = 2147483647;
			files = (
				FD6D43EE24C751B70046402E /* ViewController.swift in Sources */,
				FD6D43EA24C751B70046402E /* AppDelegate.swift in Sources */,
				FD6D43EC24C751B70046402E /* SceneDelegate.swift in Sources */,
			);
			runOnlyForDeploymentPostprocessing = 0;
		};
		FD6D43F824C751B80046402E /* Sources */ = {
			isa = PBXSourcesBuildPhase;
			buildActionMask = 2147483647;
			files = (
				FD6D440124C751B80046402E /* ghactions_pocTests.swift in Sources */,
			);
			runOnlyForDeploymentPostprocessing = 0;
		};
/* End PBXSourcesBuildPhase section */

/* Begin PBXTargetDependency section */
		FD6D43FE24C751B80046402E /* PBXTargetDependency */ = {
			isa = PBXTargetDependency;
			target = FD6D43E524C751B70046402E /* ghactions-poc */;
			targetProxy = FD6D43FD24C751B80046402E /* PBXContainerItemProxy */;
		};
/* End PBXTargetDependency section */

/* Begin PBXVariantGroup section */
		FD6D43EF24C751B70046402E /* Main.storyboard */ = {
			isa = PBXVariantGroup;
			children = (
				FD6D43F024C751B70046402E /* Base */,
			);
			name = Main.storyboard;
			sourceTree = "<group>";
		};
		FD6D43F424C751B80046402E /* LaunchScreen.storyboard */ = {
			isa = PBXVariantGroup;
			children = (
				FD6D43F524C751B80046402E /* Base */,
			);
			name = LaunchScreen.storyboard;
			sourceTree = "<group>";
		};
/* End PBXVariantGroup section */

/* Begin XCBuildConfiguration section */
		FD6D440324C751B80046402E /* Debug */ = {
			isa = XCBuildConfiguration;
			buildSettings = {
				ALWAYS_SEARCH_USER_PATHS = NO;
				CLANG_ANALYZER_NONNULL = YES;
				CLANG_ANALYZER_NUMBER_OBJECT_CONVERSION = YES_AGGRESSIVE;
				CLANG_CXX_LANGUAGE_STANDARD = "gnu++14";
				CLANG_CXX_LIBRARY = "libc++";
				CLANG_ENABLE_MODULES = YES;
				CLANG_ENABLE_OBJC_ARC = YES;
				CLANG_ENABLE_OBJC_WEAK = YES;
				CLANG_WARN_BLOCK_CAPTURE_AUTORELEASING = YES;
				CLANG_WARN_BOOL_CONVERSION = YES;
				CLANG_WARN_COMMA = YES;
				CLANG_WARN_CONSTANT_CONVERSION = YES;
				CLANG_WARN_DEPRECATED_OBJC_IMPLEMENTATIONS = YES;
				CLANG_WARN_DIRECT_OBJC_ISA_USAGE = YES_ERROR;
				CLANG_WARN_DOCUMENTATION_COMMENTS = YES;
				CLANG_WARN_EMPTY_BODY = YES;
				CLANG_WARN_ENUM_CONVERSION = YES;
				CLANG_WARN_INFINITE_RECURSION = YES;
				CLANG_WARN_INT_CONVERSION = YES;
				CLANG_WARN_NON_LITERAL_NULL_CONVERSION = YES;
				CLANG_WARN_OBJC_IMPLICIT_RETAIN_SELF = YES;
				CLANG_WARN_OBJC_LITERAL_CONVERSION = YES;
				CLANG_WARN_OBJC_ROOT_CLASS = YES_ERROR;
				CLANG_WARN_RANGE_LOOP_ANALYSIS = YES;
				CLANG_WARN_STRICT_PROTOTYPES = YES;
				CLANG_WARN_SUSPICIOUS_MOVE = YES;
				CLANG_WARN_UNGUARDED_AVAILABILITY = YES_AGGRESSIVE;
				CLANG_WARN_UNREACHABLE_CODE = YES;
				CLANG_WARN__DUPLICATE_METHOD_MATCH = YES;
				COPY_PHASE_STRIP = NO;
				DEBUG_INFORMATION_FORMAT = dwarf;
				ENABLE_STRICT_OBJC_MSGSEND = YES;
				ENABLE_TESTABILITY = YES;
				GCC_C_LANGUAGE_STANDARD = gnu11;
				GCC_DYNAMIC_NO_PIC = NO;
				GCC_NO_COMMON_BLOCKS = YES;
				GCC_OPTIMIZATION_LEVEL = 0;
				GCC_PREPROCESSOR_DEFINITIONS = (
					"DEBUG=1",
					"$(inherited)",
				);
				GCC_WARN_64_TO_32_BIT_CONVERSION = YES;
				GCC_WARN_ABOUT_RETURN_TYPE = YES_ERROR;
				GCC_WARN_UNDECLARED_SELECTOR = YES;
				GCC_WARN_UNINITIALIZED_AUTOS = YES_AGGRESSIVE;
				GCC_WARN_UNUSED_FUNCTION = YES;
				GCC_WARN_UNUSED_VARIABLE = YES;
				IPHONEOS_DEPLOYMENT_TARGET = 13.5;
				MTL_ENABLE_DEBUG_INFO = INCLUDE_SOURCE;
				MTL_FAST_MATH = YES;
				ONLY_ACTIVE_ARCH = YES;
				SDKROOT = iphoneos;
				SWIFT_ACTIVE_COMPILATION_CONDITIONS = DEBUG;
				SWIFT_OPTIMIZATION_LEVEL = "-Onone";
			};
			name = Debug;
		};
		FD6D440424C751B80046402E /* Release */ = {
			isa = XCBuildConfiguration;
			buildSettings = {
				ALWAYS_SEARCH_USER_PATHS = NO;
				CLANG_ANALYZER_NONNULL = YES;
				CLANG_ANALYZER_NUMBER_OBJECT_CONVERSION = YES_AGGRESSIVE;
				CLANG_CXX_LANGUAGE_STANDARD = "gnu++14";
				CLANG_CXX_LIBRARY = "libc++";
				CLANG_ENABLE_MODULES = YES;
				CLANG_ENABLE_OBJC_ARC = YES;
				CLANG_ENABLE_OBJC_WEAK = YES;
				CLANG_WARN_BLOCK_CAPTURE_AUTORELEASING = YES;
				CLANG_WARN_BOOL_CONVERSION = YES;
				CLANG_WARN_COMMA = YES;
				CLANG_WARN_CONSTANT_CONVERSION = YES;
				CLANG_WARN_DEPRECATED_OBJC_IMPLEMENTATIONS = YES;
				CLANG_WARN_DIRECT_OBJC_ISA_USAGE = YES_ERROR;
				CLANG_WARN_DOCUMENTATION_COMMENTS = YES;
				CLANG_WARN_EMPTY_BODY = YES;
				CLANG_WARN_ENUM_CONVERSION = YES;
				CLANG_WARN_INFINITE_RECURSION = YES;
				CLANG_WARN_INT_CONVERSION = YES;
				CLANG_WARN_NON_LITERAL_NULL_CONVERSION = YES;
				CLANG_WARN_OBJC_IMPLICIT_RETAIN_SELF = YES;
				CLANG_WARN_OBJC_LITERAL_CONVERSION = YES;
				CLANG_WARN_OBJC_ROOT_CLASS = YES_ERROR;
				CLANG_WARN_RANGE_LOOP_ANALYSIS = YES;
				CLANG_WARN_STRICT_PROTOTYPES = YES;
				CLANG_WARN_SUSPICIOUS_MOVE = YES;
				CLANG_WARN_UNGUARDED_AVAILABILITY = YES_AGGRESSIVE;
				CLANG_WARN_UNREACHABLE_CODE = YES;
				CLANG_WARN__DUPLICATE_METHOD_MATCH = YES;
				COPY_PHASE_STRIP = NO;
				DEBUG_INFORMATION_FORMAT = "dwarf-with-dsym";
				ENABLE_NS_ASSERTIONS = NO;
				ENABLE_STRICT_OBJC_MSGSEND = YES;
				GCC_C_LANGUAGE_STANDARD = gnu11;
				GCC_NO_COMMON_BLOCKS = YES;
				GCC_WARN_64_TO_32_BIT_CONVERSION = YES;
				GCC_WARN_ABOUT_RETURN_TYPE = YES_ERROR;
				GCC_WARN_UNDECLARED_SELECTOR = YES;
				GCC_WARN_UNINITIALIZED_AUTOS = YES_AGGRESSIVE;
				GCC_WARN_UNUSED_FUNCTION = YES;
				GCC_WARN_UNUSED_VARIABLE = YES;
				IPHONEOS_DEPLOYMENT_TARGET = 13.5;
				MTL_ENABLE_DEBUG_INFO = NO;
				MTL_FAST_MATH = YES;
				SDKROOT = iphoneos;
				SWIFT_COMPILATION_MODE = wholemodule;
				SWIFT_OPTIMIZATION_LEVEL = "-O";
				VALIDATE_PRODUCT = YES;
			};
			name = Release;
		};
		FD6D440624C751B80046402E /* Debug */ = {
			isa = XCBuildConfiguration;
			buildSettings = {
				ASSETCATALOG_COMPILER_APPICON_NAME = AppIcon;
				CODE_SIGN_STYLE = Automatic;
				DEVELOPMENT_TEAM = P8PSJC4979;
				INFOPLIST_FILE = "ghactions-poc/Info.plist";
				LD_RUNPATH_SEARCH_PATHS = (
					"$(inherited)",
					"@executable_path/Frameworks",
				);
				PRODUCT_BUNDLE_IDENTIFIER = "com.tinybeans.ghactions-poc";
				PRODUCT_NAME = "$(TARGET_NAME)";
				SWIFT_VERSION = 5.0;
				TARGETED_DEVICE_FAMILY = "1,2";
			};
			name = Debug;
		};
		FD6D440724C751B80046402E /* Release */ = {
			isa = XCBuildConfiguration;
			buildSettings = {
				ASSETCATALOG_COMPILER_APPICON_NAME = AppIcon;
				CODE_SIGN_STYLE = Automatic;
				DEVELOPMENT_TEAM = P8PSJC4979;
				INFOPLIST_FILE = "ghactions-poc/Info.plist";
				LD_RUNPATH_SEARCH_PATHS = (
					"$(inherited)",
					"@executable_path/Frameworks",
				);
				PRODUCT_BUNDLE_IDENTIFIER = "com.tinybeans.ghactions-poc";
				PRODUCT_NAME = "$(TARGET_NAME)";
				SWIFT_VERSION = 5.0;
				TARGETED_DEVICE_FAMILY = "1,2";
			};
			name = Release;
		};
		FD6D440924C751B80046402E /* Debug */ = {
			isa = XCBuildConfiguration;
			buildSettings = {
				ALWAYS_EMBED_SWIFT_STANDARD_LIBRARIES = YES;
				BUNDLE_LOADER = "$(TEST_HOST)";
				CODE_SIGN_STYLE = Automatic;
				DEVELOPMENT_TEAM = P8PSJC4979;
				INFOPLIST_FILE = "ghactions-pocTests/Info.plist";
				IPHONEOS_DEPLOYMENT_TARGET = 13.5;
				LD_RUNPATH_SEARCH_PATHS = (
					"$(inherited)",
					"@executable_path/Frameworks",
					"@loader_path/Frameworks",
				);
				PRODUCT_BUNDLE_IDENTIFIER = "com.tinybeans.ghactions-pocTests";
				PRODUCT_NAME = "$(TARGET_NAME)";
				SWIFT_VERSION = 5.0;
				TARGETED_DEVICE_FAMILY = "1,2";
				TEST_HOST = "$(BUILT_PRODUCTS_DIR)/ghactions-poc.app/ghactions-poc";
			};
			name = Debug;
		};
		FD6D440A24C751B80046402E /* Release */ = {
			isa = XCBuildConfiguration;
			buildSettings = {
				ALWAYS_EMBED_SWIFT_STANDARD_LIBRARIES = YES;
				BUNDLE_LOADER = "$(TEST_HOST)";
				CODE_SIGN_STYLE = Automatic;
				DEVELOPMENT_TEAM = P8PSJC4979;
				INFOPLIST_FILE = "ghactions-pocTests/Info.plist";
				IPHONEOS_DEPLOYMENT_TARGET = 13.5;
				LD_RUNPATH_SEARCH_PATHS = (
					"$(inherited)",
					"@executable_path/Frameworks",
					"@loader_path/Frameworks",
				);
				PRODUCT_BUNDLE_IDENTIFIER = "com.tinybeans.ghactions-pocTests";
				PRODUCT_NAME = "$(TARGET_NAME)";
				SWIFT_VERSION = 5.0;
				TARGETED_DEVICE_FAMILY = "1,2";
				TEST_HOST = "$(BUILT_PRODUCTS_DIR)/ghactions-poc.app/ghactions-poc";
			};
			name = Release;
		};
/* End XCBuildConfiguration section */

/* Begin XCConfigurationList section */
		FD6D43E124C751B70046402E /* Build configuration list for PBXProject "ghactions-poc" */ = {
			isa = XCConfigurationList;
			buildConfigurations = (
				FD6D440324C751B80046402E /* Debug */,
				FD6D440424C751B80046402E /* Release */,
			);
			defaultConfigurationIsVisible = 0;
			defaultConfigurationName = Release;
		};
		FD6D440524C751B80046402E /* Build configuration list for PBXNativeTarget "ghactions-poc" */ = {
			isa = XCConfigurationList;
			buildConfigurations = (
				FD6D440624C751B80046402E /* Debug */,
				FD6D440724C751B80046402E /* Release */,
			);
			defaultConfigurationIsVisible = 0;
			defaultConfigurationName = Release;
		};
		FD6D440824C751B80046402E /* Build configuration list for PBXNativeTarget "ghactions-pocTests" */ = {
			isa = XCConfigurationList;
			buildConfigurations = (
				FD6D440924C751B80046402E /* Debug */,
				FD6D440A24C751B80046402E /* Release */,
			);
			defaultConfigurationIsVisible = 0;
			defaultConfigurationName = Release;
		};
/* End XCConfigurationList section */
	};
	rootObject = FD6D43DE24C751B70046402E /* Project object */;
}
